{
  "name": "agent-eval-harness",
  "version": "0.2.1",
  "lockfileVersion": 3,
  "requires": true,
  "packages": {
    "": {
      "name": "agent-eval-harness",
      "version": "0.2.1",
      "license": "MIT",
      "bin": {
        "agent-eval": "cli.js"
      },
      "engines": {
        "node": ">=18"
      }
    }
  }
}
